Microsoft Visual Studio Solution File, Format Version 12.00
# Visual Studio Version 16
VisualStudioVersion = 16.0.0.0
MinimumVisualStudioVersion = 16.0.0.0
Project("{9A19103F-16F7-4668-BE54-9A1E7A4F7556}") = "achraf.Server", "Server\achraf.Server.csproj", "{DDCA884F-DFB6-415C-B5EF-40A05746228C}"
EndProject
Project("{9A19103F-16F7-4668-BE54-9A1E7A4F7556}") = "achraf.Client", "Client\achraf.Client.csproj", "{5D31B618-92D0-4DF9-A28E-6B4E8C7A7C7C}"
EndProject
Project("{9A19103F-16F7-4668-BE54-9A1E7A4F7556}") = "achraf.Shared", "Shared\achraf.Shared.csproj", "{DDCEBF27-CDF5-4F82-8883-E9CBA533776D}"
EndProject
Project("{2150E333-8FDC-42A3-9474-1A3956D46DE8}") = "MobileApp", "MobileApp", "{F5DA61CC-62C8-4C3D-8091-369BAA333E4B}"
EndProject
Project("{FAE04EC0-301F-11D3-BF4B-00C04F79EFBC}") = "PatientXamarinApp.Android", "PatientXamarinApp\PatientXamarinApp.Android\PatientXamarinApp.Android.csproj", "{CDE1D07E-654C-4D7A-8100-6BB403FA107A}"
EndProject
Project("{FAE04EC0-301F-11D3-BF4B-00C04F79EFBC}") = "PatientXamarinApp.iOS", "PatientXamarinApp\PatientXamarinApp.iOS\PatientXamarinApp.iOS.csproj", "{BFABB816-D06B-4D8C-82D9-56D61B9653A0}"
EndProject
Project("{FAE04EC0-301F-11D3-BF4B-00C04F79EFBC}") = "PatientXamarinApp", "PatientXamarinApp\PatientXamarinApp\PatientXamarinApp.csproj", "{1486AC83-BB33-4483-9A49-E964516A2E8E}"
EndProject
Global
	GlobalSection(SolutionConfigurationPlatforms) = preSolution
		Debug|Any CPU = Debug|Any CPU
		Debug|iPhone = Debug|iPhone
		Debug|iPhoneSimulator = Debug|iPhoneSimulator
		Debug|x64 = Debug|x64
		Debug|x86 = Debug|x86
		Release|Any CPU = Release|Any CPU
		Release|iPhone = Release|iPhone
		Release|iPhoneSimulator = Release|iPhoneSimulator
		Release|x64 = Release|x64
		Release|x86 = Release|x86
	EndGlobalSection
	GlobalSection(ProjectConfigurationPlatforms) = postSolution
		{DDCA884F-DFB6-415C-B5EF-40A05746228C}.Debug|Any CPU.ActiveCfg = Debug|Any CPU
		{DDCA884F-DFB6-415C-B5EF-40A05746228C}.Debug|Any CPU.Build.0 = Debug|Any CPU
		{DDCA884F-DFB6-415C-B5EF-40A05746228C}.Debug|iPhone.ActiveCfg = Debug|Any CPU
		{DDCA884F-DFB6-415C-B5EF-40A05746228C}.Debug|iPhone.Build.0 = Debug|Any CPU
		{DDCA884F-DFB6-415C-B5EF-40A05746228C}.Debug|iPhoneSimulator.ActiveCfg = Debug|Any CPU
		{DDCA884F-DFB6-415C-B5EF-40A05746228C}.Debug|iPhoneSimulator.Build.0 = Debug|Any CPU
		{DDCA884F-DFB6-415C-B5EF-40A05746228C}.Debug|x64.ActiveCfg = Debug|Any CPU
		{DDCA884F-DFB6-415C-B5EF-40A05746228C}.Debug|x64.Build.0 = Debug|Any CPU
		{DDCA884F-DFB6-415C-B5EF-40A05746228C}.Debug|x86.ActiveCfg = Debug|Any CPU
		{DDCA884F-DFB6-415C-B5EF-40A05746228C}.Debug|x86.Build.0 = Debug|Any CPU
		{DDCA884F-DFB6-415C-B5EF-40A05746228C}.Release|Any CPU.ActiveCfg = Release|Any CPU
		{DDCA884F-DFB6-415C-B5EF-40A05746228C}.Release|Any CPU.Build.0 = Release|Any CPU
		{DDCA884F-DFB6-415C-B5EF-40A05746228C}.Release|iPhone.ActiveCfg = Release|Any CPU
		{DDCA884F-DFB6-415C-B5EF-40A05746228C}.Release|iPhone.Build.0 = Release|Any CPU
		{DDCA884F-DFB6-415C-B5EF-40A05746228C}.Release|iPhoneSimulator.ActiveCfg = Release|Any CPU
		{DDCA884F-DFB6-415C-B5EF-40A05746228C}.Release|iPhoneSimulator.Build.0 = Release|Any CPU
		{DDCA884F-DFB6-415C-B5EF-40A05746228C}.Release|x64.ActiveCfg = Release|Any CPU
		{DDCA884F-DFB6-415C-B5EF-40A05746228C}.Release|x64.Build.0 = Release|Any CPU
		{DDCA884F-DFB6-415C-B5EF-40A05746228C}.Release|x86.ActiveCfg = Release|Any CPU
		{DDCA884F-DFB6-415C-B5EF-40A05746228C}.Release|x86.Build.0 = Release|Any CPU
		{5D31B618-92D0-4DF9-A28E-6B4E8C7A7C7C}.Debug|Any CPU.ActiveCfg = Debug|Any CPU
		{5D31B618-92D0-4DF9-A28E-6B4E8C7A7C7C}.Debug|Any CPU.Build.0 = Debug|Any CPU
		{5D31B618-92D0-4DF9-A28E-6B4E8C7A7C7C}.Debug|iPhone.ActiveCfg = Debug|Any CPU
		{5D31B618-92D0-4DF9-A28E-6B4E8C7A7C7C}.Debug|iPhone.Build.0 = Debug|Any CPU
		{5D31B618-92D0-4DF9-A28E-6B4E8C7A7C7C}.Debug|iPhoneSimulator.ActiveCfg = Debug|Any CPU
		{5D31B618-92D0-4DF9-A28E-6B4E8C7A7C7C}.Debug|iPhoneSimulator.Build.0 = Debug|Any CPU
		{5D31B618-92D0-4DF9-A28E-6B4E8C7A7C7C}.Debug|x64.ActiveCfg = Debug|Any CPU
		{5D31B618-92D0-4DF9-A28E-6B4E8C7A7C7C}.Debug|x64.Build.0 = Debug|Any CPU
		{5D31B618-92D0-4DF9-A28E-6B4E8C7A7C7C}.Debug|x86.ActiveCfg = Debug|Any CPU
		{5D31B618-92D0-4DF9-A28E-6B4E8C7A7C7C}.Debug|x86.Build.0 = Debug|Any CPU
		{5D31B618-92D0-4DF9-A28E-6B4E8C7A7C7C}.Release|Any CPU.ActiveCfg = Release|Any CPU
		{5D31B618-92D0-4DF9-A28E-6B4E8C7A7C7C}.Release|Any CPU.Build.0 = Release|Any CPU
		{5D31B618-92D0-4DF9-A28E-6B4E8C7A7C7C}.Release|iPhone.ActiveCfg = Release|Any CPU
		{5D31B618-92D0-4DF9-A28E-6B4E8C7A7C7C}.Release|iPhone.Build.0 = Release|Any CPU
		{5D31B618-92D0-4DF9-A28E-6B4E8C7A7C7C}.Release|iPhoneSimulator.ActiveCfg = Release|Any CPU
		{5D31B618-92D0-4DF9-A28E-6B4E8C7A7C7C}.Release|iPhoneSimulator.Build.0 = Release|Any CPU
		{5D31B618-92D0-4DF9-A28E-6B4E8C7A7C7C}.Release|x64.ActiveCfg = Release|Any CPU
		{5D31B618-92D0-4DF9-A28E-6B4E8C7A7C7C}.Release|x64.Build.0 = Release|Any CPU
		{5D31B618-92D0-4DF9-A28E-6B4E8C7A7C7C}.Release|x86.ActiveCfg = Release|Any CPU
		{5D31B618-92D0-4DF9-A28E-6B4E8C7A7C7C}.Release|x86.Build.0 = Release|Any CPU
		{DDCEBF27-CDF5-4F82-8883-E9CBA533776D}.Debug|Any CPU.ActiveCfg = Debug|Any CPU
		{DDCEBF27-CDF5-4F82-8883-E9CBA533776D}.Debug|Any CPU.Build.0 = Debug|Any CPU
		{DDCEBF27-CDF5-4F82-8883-E9CBA533776D}.Debug|iPhone.ActiveCfg = Debug|Any CPU
		{DDCEBF27-CDF5-4F82-8883-E9CBA533776D}.Debug|iPhone.Build.0 = Debug|Any CPU
		{DDCEBF27-CDF5-4F82-8883-E9CBA533776D}.Debug|iPhoneSimulator.ActiveCfg = Debug|Any CPU
		{DDCEBF27-CDF5-4F82-8883-E9CBA533776D}.Debug|iPhoneSimulator.Build.0 = Debug|Any CPU
		{DDCEBF27-CDF5-4F82-8883-E9CBA533776D}.Debug|x64.ActiveCfg = Debug|Any CPU
		{DDCEBF27-CDF5-4F82-8883-E9CBA533776D}.Debug|x64.Build.0 = Debug|Any CPU
		{DDCEBF27-CDF5-4F82-8883-E9CBA533776D}.Debug|x86.ActiveCfg = Debug|Any CPU
		{DDCEBF27-CDF5-4F82-8883-E9CBA533776D}.Debug|x86.Build.0 = Debug|Any CPU
		{DDCEBF27-CDF5-4F82-8883-E9CBA533776D}.Release|Any CPU.ActiveCfg = Release|Any CPU
		{DDCEBF27-CDF5-4F82-8883-E9CBA533776D}.Release|Any CPU.Build.0 = Release|Any CPU
		{DDCEBF27-CDF5-4F82-8883-E9CBA533776D}.Release|iPhone.ActiveCfg = Release|Any CPU
		{DDCEBF27-CDF5-4F82-8883-E9CBA533776D}.Release|iPhone.Build.0 = Release|Any CPU
		{DDCEBF27-CDF5-4F82-8883-E9CBA533776D}.Release|iPhoneSimulator.ActiveCfg = Release|Any CPU
		{DDCEBF27-CDF5-4F82-8883-E9CBA533776D}.Release|iPhoneSimulator.Build.0 = Release|Any CPU
		{DDCEBF27-CDF5-4F82-8883-E9CBA533776D}.Release|x64.ActiveCfg = Release|Any CPU
		{DDCEBF27-CDF5-4F82-8883-E9CBA533776D}.Release|x64.Build.0 = Release|Any CPU
		{DDCEBF27-CDF5-4F82-8883-E9CBA533776D}.Release|x86.ActiveCfg = Release|Any CPU
		{DDCEBF27-CDF5-4F82-8883-E9CBA533776D}.Release|x86.Build.0 = Release|Any CPU
		{CDE1D07E-654C-4D7A-8100-6BB403FA107A}.Debug|Any CPU.ActiveCfg = Debug|Any CPU
		{CDE1D07E-654C-4D7A-8100-6BB403FA107A}.Debug|Any CPU.Build.0 = Debug|Any CPU
		{CDE1D07E-654C-4D7A-8100-6BB403FA107A}.Debug|Any CPU.Deploy.0 = Debug|Any CPU
		{CDE1D07E-654C-4D7A-8100-6BB403FA107A}.Debug|iPhone.ActiveCfg = Debug|Any CPU
		{CDE1D07E-654C-4D7A-8100-6BB403FA107A}.Debug|iPhone.Build.0 = Debug|Any CPU
		{CDE1D07E-654C-4D7A-8100-6BB403FA107A}.Debug|iPhone.Deploy.0 = Debug|Any CPU
		{CDE1D07E-654C-4D7A-8100-6BB403FA107A}.Debug|iPhoneSimulator.ActiveCfg = Debug|Any CPU
		{CDE1D07E-654C-4D7A-8100-6BB403FA107A}.Debug|iPhoneSimulator.Build.0 = Debug|Any CPU
		{CDE1D07E-654C-4D7A-8100-6BB403FA107A}.Debug|iPhoneSimulator.Deploy.0 = Debug|Any CPU
		{CDE1D07E-654C-4D7A-8100-6BB403FA107A}.Debug|x64.ActiveCfg = Debug|Any CPU
		{CDE1D07E-654C-4D7A-8100-6BB403FA107A}.Debug|x64.Build.0 = Debug|Any CPU
		{CDE1D07E-654C-4D7A-8100-6BB403FA107A}.Debug|x64.Deploy.0 = Debug|Any CPU
		{CDE1D07E-654C-4D7A-8100-6BB403FA107A}.Debug|x86.ActiveCfg = Debug|Any CPU
		{CDE1D07E-654C-4D7A-8100-6BB403FA107A}.Debug|x86.Build.0 = Debug|Any CPU
		{CDE1D07E-654C-4D7A-8100-6BB403FA107A}.Debug|x86.Deploy.0 = Debug|Any CPU
		{CDE1D07E-654C-4D7A-8100-6BB403FA107A}.Release|Any CPU.ActiveCfg = Release|Any CPU
		{CDE1D07E-654C-4D7A-8100-6BB403FA107A}.Release|Any CPU.Build.0 = Release|Any CPU
		{CDE1D07E-654C-4D7A-8100-6BB403FA107A}.Release|Any CPU.Deploy.0 = Release|Any CPU
		{CDE1D07E-654C-4D7A-8100-6BB403FA107A}.Release|iPhone.ActiveCfg = Release|Any CPU
		{CDE1D07E-654C-4D7A-8100-6BB403FA107A}.Release|iPhone.Build.0 = Release|Any CPU
		{CDE1D07E-654C-4D7A-8100-6BB403FA107A}.Release|iPhone.Deploy.0 = Release|Any CPU
		{CDE1D07E-654C-4D7A-8100-6BB403FA107A}.Release|iPhoneSimulator.ActiveCfg = Release|Any CPU
		{CDE1D07E-654C-4D7A-8100-6BB403FA107A}.Release|iPhoneSimulator.Build.0 = Release|Any CPU
		{CDE1D07E-654C-4D7A-8100-6BB403FA107A}.Release|iPhoneSimulator.Deploy.0 = Release|Any CPU
		{CDE1D07E-654C-4D7A-8100-6BB403FA107A}.Release|x64.ActiveCfg = Release|Any CPU
		{CDE1D07E-654C-4D7A-8100-6BB403FA107A}.Release|x64.Build.0 = Release|Any CPU
		{CDE1D07E-654C-4D7A-8100-6BB403FA107A}.Release|x64.Deploy.0 = Release|Any CPU
		{CDE1D07E-654C-4D7A-8100-6BB403FA107A}.Release|x86.ActiveCfg = Release|Any CPU
		{CDE1D07E-654C-4D7A-8100-6BB403FA107A}.Release|x86.Build.0 = Release|Any CPU
		{CDE1D07E-654C-4D7A-8100-6BB403FA107A}.Release|x86.Deploy.0 = Release|Any CPU
		{BFABB816-D06B-4D8C-82D9-56D61B9653A0}.Debug|Any CPU.ActiveCfg = Debug|iPhone
		{BFABB816-D06B-4D8C-82D9-56D61B9653A0}.Debug|iPhone.ActiveCfg = Debug|iPhone
		{BFABB816-D06B-4D8C-82D9-56D61B9653A0}.Debug|iPhone.Build.0 = Debug|iPhone
		{BFABB816-D06B-4D8C-82D9-56D61B9653A0}.Debug|iPhoneSimulator.ActiveCfg = Debug|iPhoneSimulator
		{BFABB816-D06B-4D8C-82D9-56D61B9653A0}.Debug|iPhoneSimulator.Build.0 = Debug|iPhoneSimulator
		{BFABB816-D06B-4D8C-82D9-56D61B9653A0}.Debug|x64.ActiveCfg = Debug|iPhone
		{BFABB816-D06B-4D8C-82D9-56D61B9653A0}.Debug|x86.ActiveCfg = Debug|iPhone
		{BFABB816-D06B-4D8C-82D9-56D61B9653A0}.Release|Any CPU.ActiveCfg = Release|iPhone
		{BFABB816-D06B-4D8C-82D9-56D61B9653A0}.Release|iPhone.ActiveCfg = Release|iPhone
		{BFABB816-D06B-4D8C-82D9-56D61B9653A0}.Release|iPhone.Build.0 = Release|iPhone
		{BFABB816-D06B-4D8C-82D9-56D61B9653A0}.Release|iPhoneSimulator.ActiveCfg = Release|iPhoneSimulator
		{BFABB816-D06B-4D8C-82D9-56D61B9653A0}.Release|iPhoneSimulator.Build.0 = Release|iPhoneSimulator
		{BFABB816-D06B-4D8C-82D9-56D61B9653A0}.Release|x64.ActiveCfg = Release|iPhone
		{BFABB816-D06B-4D8C-82D9-56D61B9653A0}.Release|x86.ActiveCfg = Release|iPhone
		{1486AC83-BB33-4483-9A49-E964516A2E8E}.Debug|Any CPU.ActiveCfg = Debug|Any CPU
		{1486AC83-BB33-4483-9A49-E964516A2E8E}.Debug|Any CPU.Build.0 = Debug|Any CPU
		{1486AC83-BB33-4483-9A49-E964516A2E8E}.Debug|iPhone.ActiveCfg = Debug|Any CPU
		{1486AC83-BB33-4483-9A49-E964516A2E8E}.Debug|iPhone.Build.0 = Debug|Any CPU
		{1486AC83-BB33-4483-9A49-E964516A2E8E}.Debug|iPhoneSimulator.ActiveCfg = Debug|Any CPU
		{1486AC83-BB33-4483-9A49-E964516A2E8E}.Debug|iPhoneSimulator.Build.0 = Debug|Any CPU
		{1486AC83-BB33-4483-9A49-E964516A2E8E}.Debug|x64.ActiveCfg = Debug|Any CPU
		{1486AC83-BB33-4483-9A49-E964516A2E8E}.Debug|x64.Build.0 = Debug|Any CPU
		{1486AC83-BB33-4483-9A49-E964516A2E8E}.Debug|x86.ActiveCfg = Debug|Any CPU
		{1486AC83-BB33-4483-9A49-E964516A2E8E}.Debug|x86.Build.0 = Debug|Any CPU
		{1486AC83-BB33-4483-9A49-E964516A2E8E}.Release|Any CPU.ActiveCfg = Release|Any CPU
		{1486AC83-BB33-4483-9A49-E964516A2E8E}.Release|Any CPU.Build.0 = Release|Any CPU
		{1486AC83-BB33-4483-9A49-E964516A2E8E}.Release|iPhone.ActiveCfg = Release|Any CPU
		{1486AC83-BB33-4483-9A49-E964516A2E8E}.Release|iPhone.Build.0 = Release|Any CPU
		{1486AC83-BB33-4483-9A49-E964516A2E8E}.Release|iPhoneSimulator.ActiveCfg = Release|Any CPU
		{1486AC83-BB33-4483-9A49-E964516A2E8E}.Release|iPhoneSimulator.Build.0 = Release|Any CPU
		{1486AC83-BB33-4483-9A49-E964516A2E8E}.Release|x64.ActiveCfg = Release|Any CPU
		{1486AC83-BB33-4483-9A49-E964516A2E8E}.Release|x64.Build.0 = Release|Any CPU
		{1486AC83-BB33-4483-9A49-E964516A2E8E}.Release|x86.ActiveCfg = Release|Any CPU
		{1486AC83-BB33-4483-9A49-E964516A2E8E}.Release|x86.Build.0 = Release|Any CPU
	EndGlobalSection
	GlobalSection(SolutionProperties) = preSolution
		HideSolutionNode = FALSE
	EndGlobalSection
	GlobalSection(NestedProjects) = preSolution
		{CDE1D07E-654C-4D7A-8100-6BB403FA107A} = {F5DA61CC-62C8-4C3D-8091-369BAA333E4B}
		{BFABB816-D06B-4D8C-82D9-56D61B9653A0} = {F5DA61CC-62C8-4C3D-8091-369BAA333E4B}
		{1486AC83-BB33-4483-9A49-E964516A2E8E} = {F5DA61CC-62C8-4C3D-8091-369BAA333E4B}
	EndGlobalSection
	GlobalSection(ExtensibilityGlobals) = postSolution
		SolutionGuid = {49913FBA-30D6-4ECA-93A0-B2E486BF0303}
	EndGlobalSection
EndGlobal
